PODS:
  - FBSnapshotTestCase (2.1.4):
    - FBSnapshotTestCase/SwiftSupport (= 2.1.4)
  - FBSnapshotTestCase/Core (2.1.4)
  - FBSnapshotTestCase/SwiftSupport (2.1.4):
    - FBSnapshotTestCase/Core
  - ZPJsonPreview (0.1.0)

DEPENDENCIES:
  - FBSnapshotTestCase
  - ZPJsonPreview (from `../`)

SPEC REPOS:
  trunk:
    - FBSnapshotTestCase

EXTERNAL SOURCES:
  ZPJsonPreview:
    :path: "../"

SPEC CHECKSUMS:
  FBSnapshotTestCase: 094f9f314decbabe373b87cc339bea235a63e07a
  ZPJsonPreview: 5af24757d15b341fe0d1ea8df6b1d5bc1d221670

PODFILE CHECKSUM: 18ceab839409d376874331d6fa099c86977ed0b5

COCOAPODS: 1.11.3
